// !$*UTF8*$!
{
	archiveVersion = 1;
	classes = {
	};
	objectVersion = 55;
	objects = {

/* Begin PBXBuildFile section */
		E83B8D7828D2CA4B00700CF0 /* git_practiceApp.swift in Sources */ = {isa = PBXBuildFile; fileRef = E83B8D7728D2CA4B00700CF0 /* git_practiceApp.swift */; };
		E83B8D7A28D2CA4B00700CF0 /* git_practiceDocument.swift in Sources */ = {isa = PBXBuildFile; fileRef = E83B8D7928D2CA4B00700CF0 /* git_practiceDocument.swift */; };
		E83B8D7C28D2CA4B00700CF0 /* ContentView.swift in Sources */ = {isa = PBXBuildFile; fileRef = E83B8D7B28D2CA4B00700CF0 /* ContentView.swift */; };
		E83B8D7E28D2CA5000700CF0 /* Assets.xcassets in Resources */ = {isa = PBXBuildFile; fileRef = E83B8D7D28D2CA5000700CF0 /* Assets.xcassets */; };
		E83B8D8128D2CA5000700CF0 /* Preview Assets.xcassets in Resources */ = {isa = PBXBuildFile; fileRef = E83B8D8028D2CA5000700CF0 /* Preview Assets.xcassets */; };
/* End PBXBuildFile section */

/* Begin PBXFileReference section */
		E83B8D7428D2CA4B00700CF0 /* git-practice.app */ = {isa = PBXFileReference; explicitFileType = wrapper.application; includeInIndex = 0; path = "git-practice.app"; sourceTree = BUILT_PRODUCTS_DIR; };
		E83B8D7728D2CA4B00700CF0 /* git_practiceApp.swift */ = {isa = PBXFileReference; lastKnownFileType = sourcecode.swift; path = git_practiceApp.swift; sourceTree = "<group>"; };
		E83B8D7928D2CA4B00700CF0 /* git_practiceDocument.swift */ = {isa = PBXFileReference; lastKnownFileType = sourcecode.swift; path = git_practiceDocument.swift; sourceTree = "<group>"; };
		E83B8D7B28D2CA4B00700CF0 /* ContentView.swift */ = {isa = PBXFileReference; lastKnownFileType = sourcecode.swift; path = ContentView.swift; sourceTree = "<group>"; };
		E83B8D7D28D2CA5000700CF0 /* Assets.xcassets */ = {isa = PBXFileReference; lastKnownFileType = folder.assetcatalog; path = Assets.xcassets; sourceTree = "<group>"; };
		E83B8D8028D2CA5000700CF0 /* Preview Assets.xcassets */ = {isa = PBXFileReference; lastKnownFileType = folder.assetcatalog; path = "Preview Assets.xcassets"; sourceTree = "<group>"; };
		E83B8D8228D2CA5000700CF0 /* Info.plist */ = {isa = PBXFileReference; lastKnownFileType = text.plist.xml; path = Info.plist; sourceTree = "<group>"; };
		E83B8D8328D2CA5000700CF0 /* git_practice.entitlements */ = {isa = PBXFileReference; lastKnownFileType = text.plist.entitlements; path = git_practice.entitlements; sourceTree = "<group>"; };
/* End PBXFileReference section */

/* Begin PBXFrameworksBuildPhase section */
		E83B8D7128D2CA4B00700CF0 /* Frameworks */ = {
			isa = PBXFrameworksBuildPhase;
			buildActionMask = 2147483647;
			files = (
			);
			runOnlyForDeploymentPostprocessing = 0;
		};
/* End PBXFrameworksBuildPhase section */

/* Begin PBXGroup section */
		E83B8D6B28D2CA4B00700CF0 = {
			isa = PBXGroup;
			children = (
				E83B8D7628D2CA4B00700CF0 /* git-practice */,
				E83B8D7528D2CA4B00700CF0 /* Products */,
			);
			sourceTree = "<group>";
		};
		E83B8D7528D2CA4B00700CF0 /* Products */ = {
			isa = PBXGroup;
			children = (
				E83B8D7428D2CA4B00700CF0 /* git-practice.app */,
			);
			name = Products;
			sourceTree = "<group>";
		};
		E83B8D7628D2CA4B00700CF0 /* git-practice */ = {
			isa = PBXGroup;
			children = (
				E83B8D7728D2CA4B00700CF0 /* git_practiceApp.swift */,
				E83B8D7928D2CA4B00700CF0 /* git_practiceDocument.swift */,
				E83B8D7B28D2CA4B00700CF0 /* ContentView.swift */,
				E83B8D7D28D2CA5000700CF0 /* Assets.xcassets */,
				E83B8D8228D2CA5000700CF0 /* Info.plist */,
				E83B8D8328D2CA5000700CF0 /* git_practice.entitlements */,
				E83B8D7F28D2CA5000700CF0 /* Preview Content */,
			);
			path = "git-practice";
			sourceTree = "<group>";
		};
		E83B8D7F28D2CA5000700CF0 /* Preview Content */ = {
			isa = PBXGroup;
			children = (
				E83B8D8028D2CA5000700CF0 /* Preview Assets.xcassets */,
			);
			path = "Preview Content";
			sourceTree = "<group>";
		};
/* End PBXGroup section */

/* Begin PBXNativeTarget section */
		E83B8D7328D2CA4B00700CF0 /* git-practice */ = {
			isa = PBXNativeTarget;
			buildConfigurationList = E83B8D8628D2CA5000700CF0 /* Build configuration list for PBXNativeTarget "git-practice" */;
			buildPhases = (
				E83B8D7028D2CA4B00700CF0 /* Sources */,
				E83B8D7128D2CA4B00700CF0 /* Frameworks */,
				E83B8D7228D2CA4B00700CF0 /* Resources */,
			);
			buildRules = (
			);
			dependencies = (
			);
			name = "git-practice";
			productName = "git-practice";
			productReference = E83B8D7428D2CA4B00700CF0 /* git-practice.app */;
			productType = "com.apple.product-type.application";
		};
/* End PBXNativeTarget section */

/* Begin PBXProject section */
		E83B8D6C28D2CA4B00700CF0 /* Project object */ = {
			isa = PBXProject;
			attributes = {
				BuildIndependentTargetsInParallel = 1;
				LastSwiftUpdateCheck = 1330;
				LastUpgradeCheck = 1330;
				TargetAttributes = {
					E83B8D7328D2CA4B00700CF0 = {
						CreatedOnToolsVersion = 13.3.1;
					};
				};
			};
			buildConfigurationList = E83B8D6F28D2CA4B00700CF0 /* Build configuration list for PBXProject "git-practice" */;
			compatibilityVersion = "Xcode 13.0";
			developmentRegion = en;
			hasScannedForEncodings = 0;
			knownRegions = (
				en,
				Base,
			);
			mainGroup = E83B8D6B28D2CA4B00700CF0;
			productRefGroup = E83B8D7528D2CA4B00700CF0 /* Products */;
			projectDirPath = "";
			projectRoot = "";
			targets = (
				E83B8D7328D2CA4B00700CF0 /* git-practice */,
			);
		};
/* End PBXProject section */

/* Begin PBXResourcesBuildPhase section */
		E83B8D7228D2CA4B00700CF0 /* Resources */ = {
			isa = PBXResourcesBuildPhase;
			buildActionMask = 2147483647;
			files = (
				E83B8D8128D2CA5000700CF0 /* Preview Assets.xcassets in Resources */,
				E83B8D7E28D2CA5000700CF0 /* Assets.xcassets in Resources */,
			);
			runOnlyForDeploymentPostprocessing = 0;
		};
/* End PBXResourcesBuildPhase section */

/* Begin PBXSourcesBuildPhase section */
		E83B8D7028D2CA4B00700CF0 /* Sources */ = {
			isa = PBXSourcesBuildPhase;
			buildActionMask = 2147483647;
			files = (
				E83B8D7A28D2CA4B00700CF0 /* git_practiceDocument.swift in Sources */,
				E83B8D7828D2CA4B00700CF0 /* git_practiceApp.swift in Sources */,
				E83B8D7C28D2CA4B00700CF0 /* ContentView.swift in Sources */,
			);
			runOnlyForDeploymentPostprocessing = 0;
		};
/* End PBXSourcesBuildPhase section */

/* Begin XCBuildConfiguration section */
		E83B8D8428D2CA5000700CF0 /* Debug */ = {
			isa = XCBuildConfiguration;
			buildSettings = {
				ALWAYS_SEARCH_USER_PATHS = NO;
				CLANG_ANALYZER_NONNULL = YES;
				CLANG_ANALYZER_NUMBER_OBJECT_CONVERSION = YES_AGGRESSIVE;
				CLANG_CXX_LANGUAGE_STANDARD = "gnu++17";
				CLANG_ENABLE_MODULES = YES;
				CLANG_ENABLE_OBJC_ARC = YES;
				CLANG_ENABLE_OBJC_WEAK = YES;
				CLANG_WARN_BLOCK_CAPTURE_AUTORELEASING = YES;
				CLANG_WARN_BOOL_CONVERSION = YES;
				CLANG_WARN_COMMA = YES;
				CLANG_WARN_CONSTANT_CONVERSION = YES;
				CLANG_WARN_DEPRECATED_OBJC_IMPLEMENTATIONS = YES;
				CLANG_WARN_DIRECT_OBJC_ISA_USAGE = YES_ERROR;
				CLANG_WARN_DOCUMENTATION_COMMENTS = YES;
				CLANG_WARN_EMPTY_BODY = YES;
				CLANG_WARN_ENUM_CONVERSION = YES;
				CLANG_WARN_INFINITE_RECURSION = YES;
				CLANG_WARN_INT_CONVERSION = YES;
				CLANG_WARN_NON_LITERAL_NULL_CONVERSION = YES;
				CLANG_WARN_OBJC_IMPLICIT_RETAIN_SELF = YES;
				CLANG_WARN_OBJC_LITERAL_CONVERSION = YES;
				CLANG_WARN_OBJC_ROOT_CLASS = YES_ERROR;
				CLANG_WARN_QUOTED_INCLUDE_IN_FRAMEWORK_HEADER = YES;
				CLANG_WARN_RANGE_LOOP_ANALYSIS = YES;
				CLANG_WARN_STRICT_PROTOTYPES = YES;
				CLANG_WARN_SUSPICIOUS_MOVE = YES;
				CLANG_WARN_UNGUARDED_AVAILABILITY = YES_AGGRESSIVE;
				CLANG_WARN_UNREACHABLE_CODE = YES;
				CLANG_WARN__DUPLICATE_METHOD_MATCH = YES;
				COPY_PHASE_STRIP = NO;
				DEBUG_INFORMATION_FORMAT = dwarf;
				ENABLE_STRICT_OBJC_MSGSEND = YES;
				ENABLE_TESTABILITY = YES;
				GCC_C_LANGUAGE_STANDARD = gnu11;
				GCC_DYNAMIC_NO_PIC = NO;
				GCC_NO_COMMON_BLOCKS = YES;
				GCC_OPTIMIZATION_LEVEL = 0;
				GCC_PREPROCESSOR_DEFINITIONS = (
					"DEBUG=1",
					"$(inherited)",
				);
				GCC_WARN_64_TO_32_BIT_CONVERSION = YES;
				GCC_WARN_ABOUT_RETURN_TYPE = YES_ERROR;
				GCC_WARN_UNDECLARED_SELECTOR = YES;
				GCC_WARN_UNINITIALIZED_AUTOS = YES_AGGRESSIVE;
				GCC_WARN_UNUSED_FUNCTION = YES;
				GCC_WARN_UNUSED_VARIABLE = YES;
				MACOSX_DEPLOYMENT_TARGET = 12.3;
				MTL_ENABLE_DEBUG_INFO = INCLUDE_SOURCE;
				MTL_FAST_MATH = YES;
				ONLY_ACTIVE_ARCH = YES;
				SDKROOT = macosx;
				SWIFT_ACTIVE_COMPILATION_CONDITIONS = DEBUG;
				SWIFT_OPTIMIZATION_LEVEL = "-Onone";
			};
			name = Debug;
		};
		E83B8D8528D2CA5000700CF0 /* Release */ = {
			isa = XCBuildConfiguration;
			buildSettings = {
				ALWAYS_SEARCH_USER_PATHS = NO;
				CLANG_ANALYZER_NONNULL = YES;
				CLANG_ANALYZER_NUMBER_OBJECT_CONVERSION = YES_AGGRESSIVE;
				CLANG_CXX_LANGUAGE_STANDARD = "gnu++17";
				CLANG_ENABLE_MODULES = YES;
				CLANG_ENABLE_OBJC_ARC = YES;
				CLANG_ENABLE_OBJC_WEAK = YES;
				CLANG_WARN_BLOCK_CAPTURE_AUTORELEASING = YES;
				CLANG_WARN_BOOL_CONVERSION = YES;
				CLANG_WARN_COMMA = YES;
				CLANG_WARN_CONSTANT_CONVERSION = YES;
				CLANG_WARN_DEPRECATED_OBJC_IMPLEMENTATIONS = YES;
				CLANG_WARN_DIRECT_OBJC_ISA_USAGE = YES_ERROR;
				CLANG_WARN_DOCUMENTATION_COMMENTS = YES;
				CLANG_WARN_EMPTY_BODY = YES;
				CLANG_WARN_ENUM_CONVERSION = YES;
				CLANG_WARN_INFINITE_RECURSION = YES;
				CLANG_WARN_INT_CONVERSION = YES;
				CLANG_WARN_NON_LITERAL_NULL_CONVERSION = YES;
				CLANG_WARN_OBJC_IMPLICIT_RETAIN_SELF = YES;
				CLANG_WARN_OBJC_LITERAL_CONVERSION = YES;
				CLANG_WARN_OBJC_ROOT_CLASS = YES_ERROR;
				CLANG_WARN_QUOTED_INCLUDE_IN_FRAMEWORK_HEADER = YES;
				CLANG_WARN_RANGE_LOOP_ANALYSIS = YES;
				CLANG_WARN_STRICT_PROTOTYPES = YES;
				CLANG_WARN_SUSPICIOUS_MOVE = YES;
				CLANG_WARN_UNGUARDED_AVAILABILITY = YES_AGGRESSIVE;
				CLANG_WARN_UNREACHABLE_CODE = YES;
				CLANG_WARN__DUPLICATE_METHOD_MATCH = YES;
				COPY_PHASE_STRIP = NO;
				DEBUG_INFORMATION_FORMAT = "dwarf-with-dsym";
				ENABLE_NS_ASSERTIONS = NO;
				ENABLE_STRICT_OBJC_MSGSEND = YES;
				GCC_C_LANGUAGE_STANDARD = gnu11;
				GCC_NO_COMMON_BLOCKS = YES;
				GCC_WARN_64_TO_32_BIT_CONVERSION = YES;
				GCC_WARN_ABOUT_RETURN_TYPE = YES_ERROR;
				GCC_WARN_UNDECLARED_SELECTOR = YES;
				GCC_WARN_UNINITIALIZED_AUTOS = YES_AGGRESSIVE;
				GCC_WARN_UNUSED_FUNCTION = YES;
				GCC_WARN_UNUSED_VARIABLE = YES;
				MACOSX_DEPLOYMENT_TARGET = 12.3;
				MTL_ENABLE_DEBUG_INFO = NO;
				MTL_FAST_MATH = YES;
				SDKROOT = macosx;
				SWIFT_COMPILATION_MODE = wholemodule;
				SWIFT_OPTIMIZATION_LEVEL = "-O";
			};
			name = Release;
		};
		E83B8D8728D2CA5000700CF0 /* Debug */ = {
			isa = XCBuildConfiguration;
			buildSettings = {
				ASSETCATALOG_COMPILER_APPICON_NAME = AppIcon;
				ASSETCATALOG_COMPILER_GLOBAL_ACCENT_COLOR_NAME = AccentColor;
				CODE_SIGN_ENTITLEMENTS = "git-practice/git_practice.entitlements";
				CODE_SIGN_STYLE = Automatic;
				COMBINE_HIDPI_IMAGES = YES;
				CURRENT_PROJECT_VERSION = 1;
				DEVELOPMENT_ASSET_PATHS = "\"git-practice/Preview Content\"";
				DEVELOPMENT_TEAM = 2X98Q6J7YP;
				ENABLE_HARDENED_RUNTIME = YES;
				ENABLE_PREVIEWS = YES;
				GENERATE_INFOPLIST_FILE = YES;
				INFOPLIST_FILE = "git-practice/Info.plist";
				INFOPLIST_KEY_NSHumanReadableCopyright = "";
				LD_RUNPATH_SEARCH_PATHS = (
					"$(inherited)",
					"@executable_path/../Frameworks",
				);
				MARKETING_VERSION = 1.0;
				PRODUCT_BUNDLE_IDENTIFIER = "im.ablebody.git-practice.git-practice";
				PRODUCT_NAME = "$(TARGET_NAME)";
				SWIFT_EMIT_LOC_STRINGS = YES;
				SWIFT_VERSION = 5.0;
			};
			name = Debug;
		};
		E83B8D8828D2CA5000700CF0 /* Release */ = {
			isa = XCBuildConfiguration;
			buildSettings = {
				ASSETCATALOG_COMPILER_APPICON_NAME = AppIcon;
				ASSETCATALOG_COMPILER_GLOBAL_ACCENT_COLOR_NAME = AccentColor;
				CODE_SIGN_ENTITLEMENTS = "git-practice/git_practice.entitlements";
				CODE_SIGN_STYLE = Automatic;
				COMBINE_HIDPI_IMAGES = YES;
				CURRENT_PROJECT_VERSION = 1;
				DEVELOPMENT_ASSET_PATHS = "\"git-practice/Preview Content\"";
				DEVELOPMENT_TEAM = 2X98Q6J7YP;
				ENABLE_HARDENED_RUNTIME = YES;
				ENABLE_PREVIEWS = YES;
				GENERATE_INFOPLIST_FILE = YES;
				INFOPLIST_FILE = "git-practice/Info.plist";
				INFOPLIST_KEY_NSHumanReadableCopyright = "";
				LD_RUNPATH_SEARCH_PATHS = (
					"$(inherited)",
					"@executable_path/../Frameworks",
				);
				MARKETING_VERSION = 1.0;
				PRODUCT_BUNDLE_IDENTIFIER = "im.ablebody.git-practice.git-practice";
				PRODUCT_NAME = "$(TARGET_NAME)";
				SWIFT_EMIT_LOC_STRINGS = YES;
				SWIFT_VERSION = 5.0;
			};
			name = Release;
		};
/* End XCBuildConfiguration section */

/* Begin XCConfigurationList section */
		E83B8D6F28D2CA4B00700CF0 /* Build configuration list for PBXProject "git-practice" */ = {
			isa = XCConfigurationList;
			buildConfigurations = (
				E83B8D8428D2CA5000700CF0 /* Debug */,
				E83B8D8528D2CA5000700CF0 /* Release */,
			);
			defaultConfigurationIsVisible = 0;
			defaultConfigurationName = Release;
		};
		E83B8D8628D2CA5000700CF0 /* Build configuration list for PBXNativeTarget "git-practice" */ = {
			isa = XCConfigurationList;
			buildConfigurations = (
				E83B8D8728D2CA5000700CF0 /* Debug */,
				E83B8D8828D2CA5000700CF0 /* Release */,
			);
			defaultConfigurationIsVisible = 0;
			defaultConfigurationName = Release;
		};
/* End XCConfigurationList section */
	};
	rootObject = E83B8D6C28D2CA4B00700CF0 /* Project object */;
}
